
Microsoft Visual Studio Solution File, Format Version 12.00
Project("{FAE04EC0-301F-11D3-BF4B-00C04F79EFBC}") = "DemoRun", "DemoRun\DemoRun.csproj", "{EECC2D01-FD76-4796-98D7-2E1EA73B40C2}"
EndProject
Project("{FAE04EC0-301F-11D3-BF4B-00C04F79EFBC}") = "Toolkits", "Toolkits\Toolkits.csproj", "{2828DC06-2D89-48BF-A3AE-D58BE1AB0415}"
EndProject
Project("{2150E333-8FDC-42A3-9474-1A3956D46DE8}") = "Guide", "Guide", "{E032E4D5-8C1E-4A27-B1A0-E10105CED253}"
EndProject
Project("{FAE04EC0-301F-11D3-BF4B-00C04F79EFBC}") = "DependencyInjection", "DependencyInjection\DependencyInjection.csproj", "{58D0F514-2281-4C5E-A0E8-632666C19236}"
EndProject
Project("{2150E333-8FDC-42A3-9474-1A3956D46DE8}") = "Samples", "Samples", "{E8BF9663-CC4C-4479-B4C7-CE7E8710DCBC}"
EndProject
Project("{FAE04EC0-301F-11D3-BF4B-00C04F79EFBC}") = "BindingsAndConverters", "BindingsAndConverters\BindingsAndConverters.csproj", "{FB8097DE-16DC-499D-8A1B-3BD52401EF4C}"
EndProject
Project("{FAE04EC0-301F-11D3-BF4B-00C04F79EFBC}") = "ButtonCustomize", "ButtonCustomize\ButtonCustomize.csproj", "{B7C05874-895E-4914-8AA3-54DF49000F11}"
EndProject
Project("{FAE04EC0-301F-11D3-BF4B-00C04F79EFBC}") = "ClipboardOps", "ClipboardOps\ClipboardOps.csproj", "{4597AB09-0B00-4EC5-ADD8-2460BFD1F6A6}"
EndProject
Project("{FAE04EC0-301F-11D3-BF4B-00C04F79EFBC}") = "CustomControl", "CustomControl\CustomControl.csproj", "{B8C41B39-29ED-435D-AEDD-07EDA188B29B}"
EndProject
Project("{FAE04EC0-301F-11D3-BF4B-00C04F79EFBC}") = "DragDropOps", "DragDropOps\DragDropOps.csproj", "{DC1BFC77-FFD2-4302-A27C-E45B2D2BF009}"
EndProject
Project("{FAE04EC0-301F-11D3-BF4B-00C04F79EFBC}") = "FileOps", "FileOps\FileOps.csproj", "{6DBCD893-4EB0-4855-9AC1-BBE044BF413E}"
EndProject
Project("{FAE04EC0-301F-11D3-BF4B-00C04F79EFBC}") = "GoogleFonts", "GoogleFonts\GoogleFonts.csproj", "{6086F084-4EAA-4ADD-9E32-4E42C43A5EDF}"
EndProject
Project("{FAE04EC0-301F-11D3-BF4B-00C04F79EFBC}") = "ViewModelBase", "ViewModelBase\ViewModelBase.csproj", "{45924DC5-9830-4845-A987-1666BEFF681A}"
EndProject
Global
	GlobalSection(SolutionConfigurationPlatforms) = preSolution
		Debug|Any CPU = Debug|Any CPU
		Release|Any CPU = Release|Any CPU
	EndGlobalSection
	GlobalSection(ProjectConfigurationPlatforms) = postSolution
		{EECC2D01-FD76-4796-98D7-2E1EA73B40C2}.Debug|Any CPU.ActiveCfg = Debug|Any CPU
		{EECC2D01-FD76-4796-98D7-2E1EA73B40C2}.Debug|Any CPU.Build.0 = Debug|Any CPU
		{EECC2D01-FD76-4796-98D7-2E1EA73B40C2}.Release|Any CPU.ActiveCfg = Release|Any CPU
		{EECC2D01-FD76-4796-98D7-2E1EA73B40C2}.Release|Any CPU.Build.0 = Release|Any CPU
		{2828DC06-2D89-48BF-A3AE-D58BE1AB0415}.Debug|Any CPU.ActiveCfg = Debug|Any CPU
		{2828DC06-2D89-48BF-A3AE-D58BE1AB0415}.Debug|Any CPU.Build.0 = Debug|Any CPU
		{2828DC06-2D89-48BF-A3AE-D58BE1AB0415}.Release|Any CPU.ActiveCfg = Release|Any CPU
		{2828DC06-2D89-48BF-A3AE-D58BE1AB0415}.Release|Any CPU.Build.0 = Release|Any CPU
		{58D0F514-2281-4C5E-A0E8-632666C19236}.Debug|Any CPU.ActiveCfg = Debug|Any CPU
		{58D0F514-2281-4C5E-A0E8-632666C19236}.Debug|Any CPU.Build.0 = Debug|Any CPU
		{58D0F514-2281-4C5E-A0E8-632666C19236}.Release|Any CPU.ActiveCfg = Release|Any CPU
		{58D0F514-2281-4C5E-A0E8-632666C19236}.Release|Any CPU.Build.0 = Release|Any CPU
		{FB8097DE-16DC-499D-8A1B-3BD52401EF4C}.Debug|Any CPU.ActiveCfg = Debug|Any CPU
		{FB8097DE-16DC-499D-8A1B-3BD52401EF4C}.Debug|Any CPU.Build.0 = Debug|Any CPU
		{FB8097DE-16DC-499D-8A1B-3BD52401EF4C}.Release|Any CPU.ActiveCfg = Release|Any CPU
		{FB8097DE-16DC-499D-8A1B-3BD52401EF4C}.Release|Any CPU.Build.0 = Release|Any CPU
		{B7C05874-895E-4914-8AA3-54DF49000F11}.Debug|Any CPU.ActiveCfg = Debug|Any CPU
		{B7C05874-895E-4914-8AA3-54DF49000F11}.Debug|Any CPU.Build.0 = Debug|Any CPU
		{B7C05874-895E-4914-8AA3-54DF49000F11}.Release|Any CPU.ActiveCfg = Release|Any CPU
		{B7C05874-895E-4914-8AA3-54DF49000F11}.Release|Any CPU.Build.0 = Release|Any CPU
		{4597AB09-0B00-4EC5-ADD8-2460BFD1F6A6}.Debug|Any CPU.ActiveCfg = Debug|Any CPU
		{4597AB09-0B00-4EC5-ADD8-2460BFD1F6A6}.Debug|Any CPU.Build.0 = Debug|Any CPU
		{4597AB09-0B00-4EC5-ADD8-2460BFD1F6A6}.Release|Any CPU.ActiveCfg = Release|Any CPU
		{4597AB09-0B00-4EC5-ADD8-2460BFD1F6A6}.Release|Any CPU.Build.0 = Release|Any CPU
		{B8C41B39-29ED-435D-AEDD-07EDA188B29B}.Debug|Any CPU.ActiveCfg = Debug|Any CPU
		{B8C41B39-29ED-435D-AEDD-07EDA188B29B}.Debug|Any CPU.Build.0 = Debug|Any CPU
		{B8C41B39-29ED-435D-AEDD-07EDA188B29B}.Release|Any CPU.ActiveCfg = Release|Any CPU
		{B8C41B39-29ED-435D-AEDD-07EDA188B29B}.Release|Any CPU.Build.0 = Release|Any CPU
		{DC1BFC77-FFD2-4302-A27C-E45B2D2BF009}.Debug|Any CPU.ActiveCfg = Debug|Any CPU
		{DC1BFC77-FFD2-4302-A27C-E45B2D2BF009}.Debug|Any CPU.Build.0 = Debug|Any CPU
		{DC1BFC77-FFD2-4302-A27C-E45B2D2BF009}.Release|Any CPU.ActiveCfg = Release|Any CPU
		{DC1BFC77-FFD2-4302-A27C-E45B2D2BF009}.Release|Any CPU.Build.0 = Release|Any CPU
		{6DBCD893-4EB0-4855-9AC1-BBE044BF413E}.Debug|Any CPU.ActiveCfg = Debug|Any CPU
		{6DBCD893-4EB0-4855-9AC1-BBE044BF413E}.Debug|Any CPU.Build.0 = Debug|Any CPU
		{6DBCD893-4EB0-4855-9AC1-BBE044BF413E}.Release|Any CPU.ActiveCfg = Release|Any CPU
		{6DBCD893-4EB0-4855-9AC1-BBE044BF413E}.Release|Any CPU.Build.0 = Release|Any CPU
		{6086F084-4EAA-4ADD-9E32-4E42C43A5EDF}.Debug|Any CPU.ActiveCfg = Debug|Any CPU
		{6086F084-4EAA-4ADD-9E32-4E42C43A5EDF}.Debug|Any CPU.Build.0 = Debug|Any CPU
		{6086F084-4EAA-4ADD-9E32-4E42C43A5EDF}.Release|Any CPU.ActiveCfg = Release|Any CPU
		{6086F084-4EAA-4ADD-9E32-4E42C43A5EDF}.Release|Any CPU.Build.0 = Release|Any CPU
		{45924DC5-9830-4845-A987-1666BEFF681A}.Debug|Any CPU.ActiveCfg = Debug|Any CPU
		{45924DC5-9830-4845-A987-1666BEFF681A}.Debug|Any CPU.Build.0 = Debug|Any CPU
		{45924DC5-9830-4845-A987-1666BEFF681A}.Release|Any CPU.ActiveCfg = Release|Any CPU
		{45924DC5-9830-4845-A987-1666BEFF681A}.Release|Any CPU.Build.0 = Release|Any CPU
	EndGlobalSection
	GlobalSection(NestedProjects) = preSolution
		{58D0F514-2281-4C5E-A0E8-632666C19236} = {E032E4D5-8C1E-4A27-B1A0-E10105CED253}
		{FB8097DE-16DC-499D-8A1B-3BD52401EF4C} = {E8BF9663-CC4C-4479-B4C7-CE7E8710DCBC}
		{B7C05874-895E-4914-8AA3-54DF49000F11} = {E8BF9663-CC4C-4479-B4C7-CE7E8710DCBC}
		{4597AB09-0B00-4EC5-ADD8-2460BFD1F6A6} = {E8BF9663-CC4C-4479-B4C7-CE7E8710DCBC}
		{B8C41B39-29ED-435D-AEDD-07EDA188B29B} = {E8BF9663-CC4C-4479-B4C7-CE7E8710DCBC}
		{DC1BFC77-FFD2-4302-A27C-E45B2D2BF009} = {E8BF9663-CC4C-4479-B4C7-CE7E8710DCBC}
		{6DBCD893-4EB0-4855-9AC1-BBE044BF413E} = {E8BF9663-CC4C-4479-B4C7-CE7E8710DCBC}
		{6086F084-4EAA-4ADD-9E32-4E42C43A5EDF} = {E8BF9663-CC4C-4479-B4C7-CE7E8710DCBC}
		{45924DC5-9830-4845-A987-1666BEFF681A} = {E8BF9663-CC4C-4479-B4C7-CE7E8710DCBC}
	EndGlobalSection
EndGlobal
